
Microsoft Visual Studio Solution File, Format Version 12.00
# Visual Studio Version 17
VisualStudioVersion = 17.8.34330.188
MinimumVisualStudioVersion = 10.0.40219.1
Project("{FAE04EC0-301F-11D3-BF4B-00C04F79EFBC}") = "RegisterForm", "RegisterForm.csproj", "{B2F5EC85-6828-49A5-8FAF-223CE97D2CDA}"
EndProject
Global
	GlobalSection(SolutionConfigurationPlatforms) = preSolution
		Debug|Any CPU = Debug|Any CPU
		Release|Any CPU = Release|Any CPU
	EndGlobalSection
	GlobalSection(ProjectConfigurationPlatforms) = postSolution
		{B2F5EC85-6828-49A5-8FAF-223CE97D2CDA}.Debug|Any CPU.ActiveCfg = Debug|Any CPU
		{B2F5EC85-6828-49A5-8FAF-223CE97D2CDA}.Debug|Any CPU.Build.0 = Debug|Any CPU
		{B2F5EC85-6828-49A5-8FAF-223CE97D2CDA}.Release|Any CPU.ActiveCfg = Release|Any CPU
		{B2F5EC85-6828-49A5-8FAF-223CE97D2CDA}.Release|Any CPU.Build.0 = Release|Any CPU
	EndGlobalSection
	GlobalSection(SolutionProperties) = preSolution
		HideSolutionNode = FALSE
	EndGlobalSection
	GlobalSection(ExtensibilityGlobals) = postSolution
		SolutionGuid = {30448A49-75AC-49F6-85D2-3409C436A79A}
	EndGlobalSection
EndGlobal
